
Microsoft Visual Studio Solution File, Format Version 12.00
# Visual Studio Version 17
VisualStudioVersion = 17.4.33213.308
MinimumVisualStudioVersion = 10.0.40219.1
Project("{FAE04EC0-301F-11D3-BF4B-00C04F79EFBC}") = "ASPDOTNETBOLMVC6", "ASPDOTNETBOLMVC6\ASPDOTNETBOLMVC6.csproj", "{7DE4FF0C-DAB9-46DB-A77D-58EB891C95CC}"
EndProject
Global
	GlobalSection(SolutionConfigurationPlatforms) = preSolution
		Debug|Any CPU = Debug|Any CPU
		Release|Any CPU = Release|Any CPU
	EndGlobalSection
	GlobalSection(ProjectConfigurationPlatforms) = postSolution
		{7DE4FF0C-DAB9-46DB-A77D-58EB891C95CC}.Debug|Any CPU.ActiveCfg = Debug|Any CPU
		{7DE4FF0C-DAB9-46DB-A77D-58EB891C95CC}.Debug|Any CPU.Build.0 = Debug|Any CPU
		{7DE4FF0C-DAB9-46DB-A77D-58EB891C95CC}.Release|Any CPU.ActiveCfg = Release|Any CPU
		{7DE4FF0C-DAB9-46DB-A77D-58EB891C95CC}.Release|Any CPU.Build.0 = Release|Any CPU
	EndGlobalSection
	GlobalSection(SolutionProperties) = preSolution
		HideSolutionNode = FALSE
	EndGlobalSection
	GlobalSection(ExtensibilityGlobals) = postSolution
		SolutionGuid = {E4CF195C-D8C9-4756-A02D-460852388969}
	EndGlobalSection
EndGlobal
